
Microsoft Visual Studio Solution File, Format Version 12.00
# Visual Studio Version 16
VisualStudioVersion = 16.0.29306.81
MinimumVisualStudioVersion = 10.0.40219.1
Project("{FAE04EC0-301F-11D3-BF4B-00C04F79EFBC}") = "CSSnipetGenerator", "CSSnipetGenerator\CSSnipetGenerator.csproj", "{1041721B-F19D-42EB-BDE1-BF8093CEDBCB}"
EndProject
Global
	GlobalSection(SolutionConfigurationPlatforms) = preSolution
		Debug|Any CPU = Debug|Any CPU
		Release|Any CPU = Release|Any CPU
	EndGlobalSection
	GlobalSection(ProjectConfigurationPlatforms) = postSolution
		{1041721B-F19D-42EB-BDE1-BF8093CEDBCB}.Debug|Any CPU.ActiveCfg = Debug|Any CPU
		{1041721B-F19D-42EB-BDE1-BF8093CEDBCB}.Debug|Any CPU.Build.0 = Debug|Any CPU
		{1041721B-F19D-42EB-BDE1-BF8093CEDBCB}.Release|Any CPU.ActiveCfg = Release|Any CPU
		{1041721B-F19D-42EB-BDE1-BF8093CEDBCB}.Release|Any CPU.Build.0 = Release|Any CPU
	EndGlobalSection
	GlobalSection(SolutionProperties) = preSolution
		HideSolutionNode = FALSE
	EndGlobalSection
	GlobalSection(ExtensibilityGlobals) = postSolution
		SolutionGuid = {79415EF4-B9BE-4527-B85C-987A622EAF07}
	EndGlobalSection
EndGlobal
